// !$*UTF8*$!
{
	archiveVersion = 1;
	classes = {
	};
	objectVersion = 46;
	objects = {

/* Begin PBXBuildFile section */
		F617BDAF1D92084B00A65385 /* json.c in Sources */ = {isa = PBXBuildFile; fileRef = F617BDAE1D92084B00A65385 /* json.c */; };
		F627357F1D933A0E005595E0 /* ppm.c in Sources */ = {isa = PBXBuildFile; fileRef = F627357D1D933A0E005595E0 /* ppm.c */; };
		F6850CA31D91F8DA0098E955 /* main.c in Sources */ = {isa = PBXBuildFile; fileRef = F6850CA21D91F8DA0098E955 /* main.c */; };
		F6A103F41D920D010067BD8F /* vector.c in Sources */ = {isa = PBXBuildFile; fileRef = F6A103F21D920D010067BD8F /* vector.c */; };
/* End PBXBuildFile section */

/* Begin PBXCopyFilesBuildPhase section */
		F6850C9D1D91F8DA0098E955 /* CopyFiles */ = {
			isa = PBXCopyFilesBuildPhase;
			buildActionMask = 2147483647;
			dstPath = /usr/share/man/man1/;
			dstSubfolderSpec = 0;
			files = (
			);
			runOnlyForDeploymentPostprocessing = 1;
		};
/* End PBXCopyFilesBuildPhase section */

/* Begin PBXFileReference section */
		F617BDAD1D91FF7C00A65385 /* json.h */ = {isa = PBXFileReference; lastKnownFileType = sourcecode.c.h; path = json.h; sourceTree = "<group>"; };
		F617BDAE1D92084B00A65385 /* json.c */ = {isa = PBXFileReference; fileEncoding = 4; lastKnownFileType = sourcecode.c.c; path = json.c; sourceTree = "<group>"; };
		F627357D1D933A0E005595E0 /* ppm.c */ = {isa = PBXFileReference; fileEncoding = 4; lastKnownFileType = sourcecode.c.c; path = ppm.c; sourceTree = "<group>"; };
		F627357E1D933A0E005595E0 /* ppm.h */ = {isa = PBXFileReference; fileEncoding = 4; lastKnownFileType = sourcecode.c.h; path = ppm.h; sourceTree = "<group>"; };
		F6850C9F1D91F8DA0098E955 /* Raycast */ = {isa = PBXFileReference; explicitFileType = "compiled.mach-o.executable"; includeInIndex = 0; path = Raycast; sourceTree = BUILT_PRODUCTS_DIR; };
		F6850CA21D91F8DA0098E955 /* main.c */ = {isa = PBXFileReference; lastKnownFileType = sourcecode.c.c; path = main.c; sourceTree = "<group>"; };
		F6A103F21D920D010067BD8F /* vector.c */ = {isa = PBXFileReference; fileEncoding = 4; lastKnownFileType = sourcecode.c.c; path = vector.c; sourceTree = "<group>"; };
		F6A103F31D920D010067BD8F /* vector.h */ = {isa = PBXFileReference; fileEncoding = 4; lastKnownFileType = sourcecode.c.h; path = vector.h; sourceTree = "<group>"; };
/* End PBXFileReference section */

/* Begin PBXFrameworksBuildPhase section */
		F6850C9C1D91F8DA0098E955 /* Frameworks */ = {
			isa = PBXFrameworksBuildPhase;
			buildActionMask = 2147483647;
			files = (
			);
			runOnlyForDeploymentPostprocessing = 0;
		};
/* End PBXFrameworksBuildPhase section */

/* Begin PBXGroup section */
		F6850C961D91F8DA0098E955 = {
			isa = PBXGroup;
			children = (
				F6850CA11D91F8DA0098E955 /* Raycast */,
				F6850CA01D91F8DA0098E955 /* Products */,
			);
			sourceTree = "<group>";
		};
		F6850CA01D91F8DA0098E955 /* Products */ = {
			isa = PBXGroup;
			children = (
				F6850C9F1D91F8DA0098E955 /* Raycast */,
			);
			name = Products;
			sourceTree = "<group>";
		};
		F6850CA11D91F8DA0098E955 /* Raycast */ = {
			isa = PBXGroup;
			children = (
				F6850CA21D91F8DA0098E955 /* main.c */,
				F627357E1D933A0E005595E0 /* ppm.h */,
				F627357D1D933A0E005595E0 /* ppm.c */,
				F617BDAD1D91FF7C00A65385 /* json.h */,
				F617BDAE1D92084B00A65385 /* json.c */,
				F6A103F31D920D010067BD8F /* vector.h */,
				F6A103F21D920D010067BD8F /* vector.c */,
			);
			path = Raycast;
			sourceTree = "<group>";
		};
/* End PBXGroup section */

/* Begin PBXNativeTarget section */
		F6850C9E1D91F8DA0098E955 /* Raycast */ = {
			isa = PBXNativeTarget;
			buildConfigurationList = F6850CA61D91F8DA0098E955 /* Build configuration list for PBXNativeTarget "Raycast" */;
			buildPhases = (
				F6850C9B1D91F8DA0098E955 /* Sources */,
				F6850C9C1D91F8DA0098E955 /* Frameworks */,
				F6850C9D1D91F8DA0098E955 /* CopyFiles */,
			);
			buildRules = (
			);
			dependencies = (
			);
			name = Raycast;
			productName = Raycast;
			productReference = F6850C9F1D91F8DA0098E955 /* Raycast */;
			productType = "com.apple.product-type.tool";
		};
/* End PBXNativeTarget section */

/* Begin PBXProject section */
		F6850C971D91F8DA0098E955 /* Project object */ = {
			isa = PBXProject;
			attributes = {
				LastUpgradeCheck = 0800;
				ORGANIZATIONNAME = jr2339;
				TargetAttributes = {
					F6850C9E1D91F8DA0098E955 = {
						CreatedOnToolsVersion = 7.3.1;
					};
				};
			};
			buildConfigurationList = F6850C9A1D91F8DA0098E955 /* Build configuration list for PBXProject "Raycast" */;
			compatibilityVersion = "Xcode 3.2";
			developmentRegion = English;
			hasScannedForEncodings = 0;
			knownRegions = (
				en,
			);
			mainGroup = F6850C961D91F8DA0098E955;
			productRefGroup = F6850CA01D91F8DA0098E955 /* Products */;
			projectDirPath = "";
			projectRoot = "";
			targets = (
				F6850C9E1D91F8DA0098E955 /* Raycast */,
			);
		};
/* End PBXProject section */

/* Begin PBXSourcesBuildPhase section */
		F6850C9B1D91F8DA0098E955 /* Sources */ = {
			isa = PBXSourcesBuildPhase;
			buildActionMask = 2147483647;
			files = (
				F6850CA31D91F8DA0098E955 /* main.c in Sources */,
				F617BDAF1D92084B00A65385 /* json.c in Sources */,
				F6A103F41D920D010067BD8F /* vector.c in Sources */,
				F627357F1D933A0E005595E0 /* ppm.c in Sources */,
			);
			runOnlyForDeploymentPostprocessing = 0;
		};
/* End PBXSourcesBuildPhase section */

/* Begin XCBuildConfiguration section */
		F6850CA41D91F8DA0098E955 /* Debug */ = {
			isa = XCBuildConfiguration;
			buildSettings = {
				ALWAYS_SEARCH_USER_PATHS = NO;
				CLANG_ANALYZER_NONNULL = YES;
				CLANG_CXX_LANGUAGE_STANDARD = "gnu++0x";
				CLANG_CXX_LIBRARY = "libc++";
				CLANG_ENABLE_MODULES = YES;
				CLANG_ENABLE_OBJC_ARC = YES;
				CLANG_WARN_BOOL_CONVERSION = YES;
				CLANG_WARN_CONSTANT_CONVERSION = YES;
				CLANG_WARN_DIRECT_OBJC_ISA_USAGE = YES_ERROR;
				CLANG_WARN_EMPTY_BODY = YES;
				CLANG_WARN_ENUM_CONVERSION = YES;
				CLANG_WARN_INFINITE_RECURSION = YES;
				CLANG_WARN_INT_CONVERSION = YES;
				CLANG_WARN_OBJC_ROOT_CLASS = YES_ERROR;
				CLANG_WARN_SUSPICIOUS_MOVE = YES;
				CLANG_WARN_UNREACHABLE_CODE = YES;
				CLANG_WARN__DUPLICATE_METHOD_MATCH = YES;
				CODE_SIGN_IDENTITY = "-";
				COPY_PHASE_STRIP = NO;
				DEBUG_INFORMATION_FORMAT = dwarf;
				ENABLE_STRICT_OBJC_MSGSEND = YES;
				ENABLE_TESTABILITY = YES;
				GCC_C_LANGUAGE_STANDARD = gnu99;
				GCC_DYNAMIC_NO_PIC = NO;
				GCC_NO_COMMON_BLOCKS = YES;
				GCC_OPTIMIZATION_LEVEL = 0;
				GCC_PREPROCESSOR_DEFINITIONS = (
					"DEBUG=1",
					"$(inherited)",
				);
				GCC_WARN_64_TO_32_BIT_CONVERSION = YES;
				GCC_WARN_ABOUT_RETURN_TYPE = YES_ERROR;
				GCC_WARN_UNDECLARED_SELECTOR = YES;
				GCC_WARN_UNINITIALIZED_AUTOS = YES_AGGRESSIVE;
				GCC_WARN_UNUSED_FUNCTION = YES;
				GCC_WARN_UNUSED_VARIABLE = YES;
				MACOSX_DEPLOYMENT_TARGET = 10.11;
				MTL_ENABLE_DEBUG_INFO = YES;
				ONLY_ACTIVE_ARCH = YES;
				SDKROOT = macosx;
			};
			name = Debug;
		};
		F6850CA51D91F8DA0098E955 /* Release */ = {
			isa = XCBuildConfiguration;
			buildSettings = {
				ALWAYS_SEARCH_USER_PATHS = NO;
				CLANG_ANALYZER_NONNULL = YES;
				CLANG_CXX_LANGUAGE_STANDARD = "gnu++0x";
				CLANG_CXX_LIBRARY = "libc++";
				CLANG_ENABLE_MODULES = YES;
				CLANG_ENABLE_OBJC_ARC = YES;
				CLANG_WARN_BOOL_CONVERSION = YES;
				CLANG_WARN_CONSTANT_CONVERSION = YES;
				CLANG_WARN_DIRECT_OBJC_ISA_USAGE = YES_ERROR;
				CLANG_WARN_EMPTY_BODY = YES;
				CLANG_WARN_ENUM_CONVERSION = YES;
				CLANG_WARN_INFINITE_RECURSION = YES;
				CLANG_WARN_INT_CONVERSION = YES;
				CLANG_WARN_OBJC_ROOT_CLASS = YES_ERROR;
				CLANG_WARN_SUSPICIOUS_MOVE = YES;
				CLANG_WARN_UNREACHABLE_CODE = YES;
				CLANG_WARN__DUPLICATE_METHOD_MATCH = YES;
				CODE_SIGN_IDENTITY = "-";
				COPY_PHASE_STRIP = NO;
				DEBUG_INFORMATION_FORMAT = "dwarf-with-dsym";
				ENABLE_NS_ASSERTIONS = NO;
				ENABLE_STRICT_OBJC_MSGSEND = YES;
				GCC_C_LANGUAGE_STANDARD = gnu99;
				GCC_NO_COMMON_BLOCKS = YES;
				GCC_WARN_64_TO_32_BIT_CONVERSION = YES;
				GCC_WARN_ABOUT_RETURN_TYPE = YES_ERROR;
				GCC_WARN_UNDECLARED_SELECTOR = YES;
				GCC_WARN_UNINITIALIZED_AUTOS = YES_AGGRESSIVE;
				GCC_WARN_UNUSED_FUNCTION = YES;
				GCC_WARN_UNUSED_VARIABLE = YES;
				MACOSX_DEPLOYMENT_TARGET = 10.11;
				MTL_ENABLE_DEBUG_INFO = NO;
				SDKROOT = macosx;
			};
			name = Release;
		};
		F6850CA71D91F8DA0098E955 /* Debug */ = {
			isa = XCBuildConfiguration;
			buildSettings = {
				PRODUCT_NAME = "$(TARGET_NAME)";
			};
			name = Debug;
		};
		F6850CA81D91F8DA0098E955 /* Release */ = {
			isa = XCBuildConfiguration;
			buildSettings = {
				PRODUCT_NAME = "$(TARGET_NAME)";
			};
			name = Release;
		};
/* End XCBuildConfiguration section */

/* Begin XCConfigurationList section */
		F6850C9A1D91F8DA0098E955 /* Build configuration list for PBXProject "Raycast" */ = {
			isa = XCConfigurationList;
			buildConfigurations = (
				F6850CA41D91F8DA0098E955 /* Debug */,
				F6850CA51D91F8DA0098E955 /* Release */,
			);
			defaultConfigurationIsVisible = 0;
			defaultConfigurationName = Release;
		};
		F6850CA61D91F8DA0098E955 /* Build configuration list for PBXNativeTarget "Raycast" */ = {
			isa = XCConfigurationList;
			buildConfigurations = (
				F6850CA71D91F8DA0098E955 /* Debug */,
				F6850CA81D91F8DA0098E955 /* Release */,
			);
			defaultConfigurationIsVisible = 0;
			defaultConfigurationName = Release;
		};
/* End XCConfigurationList section */
	};
	rootObject = F6850C971D91F8DA0098E955 /* Project object */;
}
